
Microsoft Visual Studio Solution File, Format Version 12.00
# Visual Studio Version 17
VisualStudioVersion = 17.14.37012.4
MinimumVisualStudioVersion = 10.0.40219.1
Project("{FAE04EC0-301F-11D3-BF4B-00C04F79EFBC}") = "RS.SimpleJson-Unity", "RS.SimpleJson-Unity.csproj", "{2E314FE3-AA55-4107-B5BA-C93A706B1603}"
EndProject
Project("{FAE04EC0-301F-11D3-BF4B-00C04F79EFBC}") = "RS.SimpleJsonUnityTest", "Tests\RS.SimpleJsonUnityTest\RS.SimpleJsonUnityTest.csproj", "{A0A675CC-C821-4829-BB6D-E93B8D278234}"
EndProject
Project("{2150E333-8FDC-42A3-9474-1A3956D46DE8}") = "Tests", "Tests", "{02EA681E-C7D8-13C7-8484-4AC65E1B71E8}"
EndProject
Project("{FAE04EC0-301F-11D3-BF4B-00C04F79EFBC}") = "RS.SimpleJsonUnityTest_Net20", "Tests\RS.SimpleJsonUnityTest_Net20\RS.SimpleJsonUnityTest_Net20.csproj", "{E8EEEAD3-90B8-47ED-B693-2FF718D3CEE9}"
EndProject
Project("{FAE04EC0-301F-11D3-BF4B-00C04F79EFBC}") = "RS.SimpleJsonUnityTest_Net40", "Tests\RS.SimpleJsonUnityTest_Net40\RS.SimpleJsonUnityTest_Net40.csproj", "{837EFA4B-B178-493B-B7F9-1BF41084C12B}"
EndProject
Project("{FAE04EC0-301F-11D3-BF4B-00C04F79EFBC}") = "RS.SimpleJsonUnityTest_Net35", "Tests\RS.SimpleJsonUnityTest_Net35\RS.SimpleJsonUnityTest_Net35.csproj", "{2027968B-A2BC-42AF-A916-631E7573E386}"
EndProject
Project("{FAE04EC0-301F-11D3-BF4B-00C04F79EFBC}") = "ConsoleTest", "Tests\ConsoleTest\ConsoleTest.csproj", "{FE4A46C2-D0E1-2478-4375-AE218DEE1572}"
EndProject
Project("{FAE04EC0-301F-11D3-BF4B-00C04F79EFBC}") = "AotTest", "Tests\AotTest\AotTest.csproj", "{B453FE2C-0E6B-4EF5-AFB1-FA7DE932104B}"
EndProject
Project("{FAE04EC0-301F-11D3-BF4B-00C04F79EFBC}") = "CrossNamespaceTest", "Tests\CrossNamespaceTest\CrossNamespaceTest.csproj", "{E7FCD672-72E6-7CC3-B82A-C878A7544329}"
EndProject
Project("{FAE04EC0-301F-11D3-BF4B-00C04F79EFBC}") = "Octokit", "..\RS.Octokit.Net-AOT\Octokit\Octokit.csproj", "{16DA4240-C34B-8875-D3FF-84991685C943}"
EndProject
Global
	GlobalSection(SolutionConfigurationPlatforms) = preSolution
		Debug|Any CPU = Debug|Any CPU
		Release|Any CPU = Release|Any CPU
	EndGlobalSection
	GlobalSection(ProjectConfigurationPlatforms) = postSolution
		{2E314FE3-AA55-4107-B5BA-C93A706B1603}.Debug|Any CPU.ActiveCfg = Debug|Any CPU
		{2E314FE3-AA55-4107-B5BA-C93A706B1603}.Debug|Any CPU.Build.0 = Debug|Any CPU
		{2E314FE3-AA55-4107-B5BA-C93A706B1603}.Release|Any CPU.ActiveCfg = Release|Any CPU
		{2E314FE3-AA55-4107-B5BA-C93A706B1603}.Release|Any CPU.Build.0 = Release|Any CPU
		{A0A675CC-C821-4829-BB6D-E93B8D278234}.Debug|Any CPU.ActiveCfg = Debug|Any CPU
		{A0A675CC-C821-4829-BB6D-E93B8D278234}.Debug|Any CPU.Build.0 = Debug|Any CPU
		{A0A675CC-C821-4829-BB6D-E93B8D278234}.Release|Any CPU.ActiveCfg = Release|Any CPU
		{A0A675CC-C821-4829-BB6D-E93B8D278234}.Release|Any CPU.Build.0 = Release|Any CPU
		{E8EEEAD3-90B8-47ED-B693-2FF718D3CEE9}.Debug|Any CPU.ActiveCfg = Debug|Any CPU
		{E8EEEAD3-90B8-47ED-B693-2FF718D3CEE9}.Debug|Any CPU.Build.0 = Debug|Any CPU
		{E8EEEAD3-90B8-47ED-B693-2FF718D3CEE9}.Release|Any CPU.ActiveCfg = Release|Any CPU
		{E8EEEAD3-90B8-47ED-B693-2FF718D3CEE9}.Release|Any CPU.Build.0 = Release|Any CPU
		{837EFA4B-B178-493B-B7F9-1BF41084C12B}.Debug|Any CPU.ActiveCfg = Debug|Any CPU
		{837EFA4B-B178-493B-B7F9-1BF41084C12B}.Debug|Any CPU.Build.0 = Debug|Any CPU
		{837EFA4B-B178-493B-B7F9-1BF41084C12B}.Release|Any CPU.ActiveCfg = Release|Any CPU
		{837EFA4B-B178-493B-B7F9-1BF41084C12B}.Release|Any CPU.Build.0 = Release|Any CPU
		{2027968B-A2BC-42AF-A916-631E7573E386}.Debug|Any CPU.ActiveCfg = Debug|Any CPU
		{2027968B-A2BC-42AF-A916-631E7573E386}.Debug|Any CPU.Build.0 = Debug|Any CPU
		{2027968B-A2BC-42AF-A916-631E7573E386}.Release|Any CPU.ActiveCfg = Release|Any CPU
		{2027968B-A2BC-42AF-A916-631E7573E386}.Release|Any CPU.Build.0 = Release|Any CPU
		{FE4A46C2-D0E1-2478-4375-AE218DEE1572}.Debug|Any CPU.ActiveCfg = Debug|Any CPU
		{FE4A46C2-D0E1-2478-4375-AE218DEE1572}.Debug|Any CPU.Build.0 = Debug|Any CPU
		{FE4A46C2-D0E1-2478-4375-AE218DEE1572}.Release|Any CPU.ActiveCfg = Release|Any CPU
		{FE4A46C2-D0E1-2478-4375-AE218DEE1572}.Release|Any CPU.Build.0 = Release|Any CPU
		{B453FE2C-0E6B-4EF5-AFB1-FA7DE932104B}.Debug|Any CPU.ActiveCfg = Debug|Any CPU
		{B453FE2C-0E6B-4EF5-AFB1-FA7DE932104B}.Debug|Any CPU.Build.0 = Debug|Any CPU
		{B453FE2C-0E6B-4EF5-AFB1-FA7DE932104B}.Release|Any CPU.ActiveCfg = Release|Any CPU
		{B453FE2C-0E6B-4EF5-AFB1-FA7DE932104B}.Release|Any CPU.Build.0 = Release|Any CPU
		{E7FCD672-72E6-7CC3-B82A-C878A7544329}.Debug|Any CPU.ActiveCfg = Debug|Any CPU
		{E7FCD672-72E6-7CC3-B82A-C878A7544329}.Debug|Any CPU.Build.0 = Debug|Any CPU
		{E7FCD672-72E6-7CC3-B82A-C878A7544329}.Release|Any CPU.ActiveCfg = Release|Any CPU
		{E7FCD672-72E6-7CC3-B82A-C878A7544329}.Release|Any CPU.Build.0 = Release|Any CPU
		{16DA4240-C34B-8875-D3FF-84991685C943}.Debug|Any CPU.ActiveCfg = Debug|Any CPU
		{16DA4240-C34B-8875-D3FF-84991685C943}.Debug|Any CPU.Build.0 = Debug|Any CPU
		{16DA4240-C34B-8875-D3FF-84991685C943}.Release|Any CPU.ActiveCfg = Release|Any CPU
		{16DA4240-C34B-8875-D3FF-84991685C943}.Release|Any CPU.Build.0 = Release|Any CPU
	EndGlobalSection
	GlobalSection(SolutionProperties) = preSolution
		HideSolutionNode = FALSE
	EndGlobalSection
	GlobalSection(NestedProjects) = preSolution
		{A0A675CC-C821-4829-BB6D-E93B8D278234} = {02EA681E-C7D8-13C7-8484-4AC65E1B71E8}
		{E8EEEAD3-90B8-47ED-B693-2FF718D3CEE9} = {02EA681E-C7D8-13C7-8484-4AC65E1B71E8}
		{837EFA4B-B178-493B-B7F9-1BF41084C12B} = {02EA681E-C7D8-13C7-8484-4AC65E1B71E8}
		{2027968B-A2BC-42AF-A916-631E7573E386} = {02EA681E-C7D8-13C7-8484-4AC65E1B71E8}
		{FE4A46C2-D0E1-2478-4375-AE218DEE1572} = {02EA681E-C7D8-13C7-8484-4AC65E1B71E8}
		{B453FE2C-0E6B-4EF5-AFB1-FA7DE932104B} = {02EA681E-C7D8-13C7-8484-4AC65E1B71E8}
		{E7FCD672-72E6-7CC3-B82A-C878A7544329} = {02EA681E-C7D8-13C7-8484-4AC65E1B71E8}
	EndGlobalSection
	GlobalSection(ExtensibilityGlobals) = postSolution
		SolutionGuid = {8788271B-0098-45F3-B189-4002A23D8071}
	EndGlobalSection
EndGlobal
